// !$*UTF8*$!
{
	archiveVersion = 1;
	classes = {
	};
	objectVersion = 51;
	objects = {

/* Begin PBXBuildFile section */
		02F237C3E7EB38EC6E7DE85D /* Pods_The_Happiness_TrinityTests.framework in Frameworks */ = {isa = PBXBuildFile; fileRef = 2372030F55ED49CA337AA199 /* Pods_The_Happiness_TrinityTests.framework */; };
		601515580739887DA7674226 /* Pods_The_Happiness_Trinity.framework in Frameworks */ = {isa = PBXBuildFile; fileRef = 27025BBC73F4DFC1AA8FF519 /* Pods_The_Happiness_Trinity.framework */; };
		ABF76FEB25C5FCDE003A06EE /* ImageViewController.swift in Sources */ = {isa = PBXBuildFile; fileRef = ABF76FEA25C5FCDE003A06EE /* ImageViewController.swift */; };
		B0AC246625C5E6A700E2E056 /* QuoteViewController.swift in Sources */ = {isa = PBXBuildFile; fileRef = B0AC246525C5E6A700E2E056 /* QuoteViewController.swift */; };
		B0D23FFA25C51E9400488BE2 /* AppDelegate.swift in Sources */ = {isa = PBXBuildFile; fileRef = B0D23FF925C51E9400488BE2 /* AppDelegate.swift */; };
		B0D23FFC25C51E9400488BE2 /* SceneDelegate.swift in Sources */ = {isa = PBXBuildFile; fileRef = B0D23FFB25C51E9400488BE2 /* SceneDelegate.swift */; };
		B0D23FFE25C51E9400488BE2 /* ViewController.swift in Sources */ = {isa = PBXBuildFile; fileRef = B0D23FFD25C51E9400488BE2 /* ViewController.swift */; };
		B0D2400125C51E9400488BE2 /* Main.storyboard in Resources */ = {isa = PBXBuildFile; fileRef = B0D23FFF25C51E9400488BE2 /* Main.storyboard */; };
		B0D2400325C51E9600488BE2 /* Assets.xcassets in Resources */ = {isa = PBXBuildFile; fileRef = B0D2400225C51E9600488BE2 /* Assets.xcassets */; };
		B0D2400625C51E9600488BE2 /* LaunchScreen.storyboard in Resources */ = {isa = PBXBuildFile; fileRef = B0D2400425C51E9600488BE2 /* LaunchScreen.storyboard */; };
		B0D2401125C51E9600488BE2 /* The_Happiness_TrinityTests.swift in Sources */ = {isa = PBXBuildFile; fileRef = B0D2401025C51E9600488BE2 /* The_Happiness_TrinityTests.swift */; };
		B0D2401C25C51E9600488BE2 /* The_Happiness_TrinityUITests.swift in Sources */ = {isa = PBXBuildFile; fileRef = B0D2401B25C51E9600488BE2 /* The_Happiness_TrinityUITests.swift */; };
		D05AC0BA25C60DC500662934 /* JournalViewController.swift in Sources */ = {isa = PBXBuildFile; fileRef = D05AC0B825C60DC500662934 /* JournalViewController.swift */; };
		D05AC0BB25C60DC500662934 /* CalendarViewController.swift in Sources */ = {isa = PBXBuildFile; fileRef = D05AC0B925C60DC500662934 /* CalendarViewController.swift */; };
		F9EAAC1C8A9ACF0DEE63C75D /* Pods_The_Happiness_Trinity_The_Happiness_TrinityUITests.framework in Frameworks */ = {isa = PBXBuildFile; fileRef = 5E90D8DCAAACF1B417A79B37 /* Pods_The_Happiness_Trinity_The_Happiness_TrinityUITests.framework */; };
/* End PBXBuildFile section */

/* Begin PBXContainerItemProxy section */
		B0D2400D25C51E9600488BE2 /* PBXContainerItemProxy */ = {
			isa = PBXContainerItemProxy;
			containerPortal = B0D23FEE25C51E9400488BE2 /* Project object */;
			proxyType = 1;
			remoteGlobalIDString = B0D23FF525C51E9400488BE2;
			remoteInfo = "The Happiness Trinity";
		};
		B0D2401825C51E9600488BE2 /* PBXContainerItemProxy */ = {
			isa = PBXContainerItemProxy;
			containerPortal = B0D23FEE25C51E9400488BE2 /* Project object */;
			proxyType = 1;
			remoteGlobalIDString = B0D23FF525C51E9400488BE2;
			remoteInfo = "The Happiness Trinity";
		};
/* End PBXContainerItemProxy section */

/* Begin PBXFileReference section */
		2372030F55ED49CA337AA199 /* Pods_The_Happiness_TrinityTests.framework */ = {isa = PBXFileReference; explicitFileType = wrapper.framework; includeInIndex = 0; path = Pods_The_Happiness_TrinityTests.framework; sourceTree = BUILT_PRODUCTS_DIR; };
		27025BBC73F4DFC1AA8FF519 /* Pods_The_Happiness_Trinity.framework */ = {isa = PBXFileReference; explicitFileType = wrapper.framework; includeInIndex = 0; path = Pods_The_Happiness_Trinity.framework; sourceTree = BUILT_PRODUCTS_DIR; };
		3E431444600BC6E0E42096F4 /* Pods-The Happiness Trinity.debug.xcconfig */ = {isa = PBXFileReference; includeInIndex = 1; lastKnownFileType = text.xcconfig; name = "Pods-The Happiness Trinity.debug.xcconfig"; path = "Target Support Files/Pods-The Happiness Trinity/Pods-The Happiness Trinity.debug.xcconfig"; sourceTree = "<group>"; };
		5E90D8DCAAACF1B417A79B37 /* Pods_The_Happiness_Trinity_The_Happiness_TrinityUITests.framework */ = {isa = PBXFileReference; explicitFileType = wrapper.framework; includeInIndex = 0; path = Pods_The_Happiness_Trinity_The_Happiness_TrinityUITests.framework; sourceTree = BUILT_PRODUCTS_DIR; };
		6F1C0E0E6A3FA5CF164C8E86 /* Pods-The Happiness Trinity-The Happiness TrinityUITests.debug.xcconfig */ = {isa = PBXFileReference; includeInIndex = 1; lastKnownFileType = text.xcconfig; name = "Pods-The Happiness Trinity-The Happiness TrinityUITests.debug.xcconfig"; path = "Target Support Files/Pods-The Happiness Trinity-The Happiness TrinityUITests/Pods-The Happiness Trinity-The Happiness TrinityUITests.debug.xcconfig"; sourceTree = "<group>"; };
		7706224B72631092F98E5FB9 /* Pods-The Happiness Trinity.release.xcconfig */ = {isa = PBXFileReference; includeInIndex = 1; lastKnownFileType = text.xcconfig; name = "Pods-The Happiness Trinity.release.xcconfig"; path = "Target Support Files/Pods-The Happiness Trinity/Pods-The Happiness Trinity.release.xcconfig"; sourceTree = "<group>"; };
		ABF76FEA25C5FCDE003A06EE /* ImageViewController.swift */ = {isa = PBXFileReference; lastKnownFileType = sourcecode.swift; path = ImageViewController.swift; sourceTree = "<group>"; };
		B0AC246525C5E6A700E2E056 /* QuoteViewController.swift */ = {isa = PBXFileReference; lastKnownFileType = sourcecode.swift; path = QuoteViewController.swift; sourceTree = "<group>"; };
		B0D23FF625C51E9400488BE2 /* The Happiness Trinity.app */ = {isa = PBXFileReference; explicitFileType = wrapper.application; includeInIndex = 0; path = "The Happiness Trinity.app"; sourceTree = BUILT_PRODUCTS_DIR; };
		B0D23FF925C51E9400488BE2 /* AppDelegate.swift */ = {isa = PBXFileReference; lastKnownFileType = sourcecode.swift; path = AppDelegate.swift; sourceTree = "<group>"; };
		B0D23FFB25C51E9400488BE2 /* SceneDelegate.swift */ = {isa = PBXFileReference; lastKnownFileType = sourcecode.swift; path = SceneDelegate.swift; sourceTree = "<group>"; };
		B0D23FFD25C51E9400488BE2 /* ViewController.swift */ = {isa = PBXFileReference; lastKnownFileType = sourcecode.swift; path = ViewController.swift; sourceTree = "<group>"; };
		B0D2400025C51E9400488BE2 /* Base */ = {isa = PBXFileReference; lastKnownFileType = file.storyboard; name = Base; path = Base.lproj/Main.storyboard; sourceTree = "<group>"; };
		B0D2400225C51E9600488BE2 /* Assets.xcassets */ = {isa = PBXFileReference; lastKnownFileType = folder.assetcatalog; path = Assets.xcassets; sourceTree = "<group>"; };
		B0D2400525C51E9600488BE2 /* Base */ = {isa = PBXFileReference; lastKnownFileType = file.storyboard; name = Base; path = Base.lproj/LaunchScreen.storyboard; sourceTree = "<group>"; };
		B0D2400725C51E9600488BE2 /* Info.plist */ = {isa = PBXFileReference; lastKnownFileType = text.plist.xml; path = Info.plist; sourceTree = "<group>"; };
		B0D2400C25C51E9600488BE2 /* The Happiness TrinityTests.xctest */ = {isa = PBXFileReference; explicitFileType = wrapper.cfbundle; includeInIndex = 0; path = "The Happiness TrinityTests.xctest"; sourceTree = BUILT_PRODUCTS_DIR; };
		B0D2401025C51E9600488BE2 /* The_Happiness_TrinityTests.swift */ = {isa = PBXFileReference; lastKnownFileType = sourcecode.swift; path = The_Happiness_TrinityTests.swift; sourceTree = "<group>"; };
		B0D2401225C51E9600488BE2 /* Info.plist */ = {isa = PBXFileReference; lastKnownFileType = text.plist.xml; path = Info.plist; sourceTree = "<group>"; };
		B0D2401725C51E9600488BE2 /* The Happiness TrinityUITests.xctest */ = {isa = PBXFileReference; explicitFileType = wrapper.cfbundle; includeInIndex = 0; path = "The Happiness TrinityUITests.xctest"; sourceTree = BUILT_PRODUCTS_DIR; };
		B0D2401B25C51E9600488BE2 /* The_Happiness_TrinityUITests.swift */ = {isa = PBXFileReference; lastKnownFileType = sourcecode.swift; path = The_Happiness_TrinityUITests.swift; sourceTree = "<group>"; };
		B0D2401D25C51E9600488BE2 /* Info.plist */ = {isa = PBXFileReference; lastKnownFileType = text.plist.xml; path = Info.plist; sourceTree = "<group>"; };
		B484D5237B05C1A3BEB560BF /* Pods-The Happiness Trinity-The Happiness TrinityUITests.release.xcconfig */ = {isa = PBXFileReference; includeInIndex = 1; lastKnownFileType = text.xcconfig; name = "Pods-The Happiness Trinity-The Happiness TrinityUITests.release.xcconfig"; path = "Target Support Files/Pods-The Happiness Trinity-The Happiness TrinityUITests/Pods-The Happiness Trinity-The Happiness TrinityUITests.release.xcconfig"; sourceTree = "<group>"; };
		D05AC0B825C60DC500662934 /* JournalViewController.swift */ = {isa = PBXFileReference; fileEncoding = 4; lastKnownFileType = sourcecode.swift; path = JournalViewController.swift; sourceTree = "<group>"; };
		D05AC0B925C60DC500662934 /* CalendarViewController.swift */ = {isa = PBXFileReference; fileEncoding = 4; lastKnownFileType = sourcecode.swift; path = CalendarViewController.swift; sourceTree = "<group>"; };
		EBEAA22DC7CCD30316153A90 /* Pods-The Happiness TrinityTests.release.xcconfig */ = {isa = PBXFileReference; includeInIndex = 1; lastKnownFileType = text.xcconfig; name = "Pods-The Happiness TrinityTests.release.xcconfig"; path = "Target Support Files/Pods-The Happiness TrinityTests/Pods-The Happiness TrinityTests.release.xcconfig"; sourceTree = "<group>"; };
		FE01E4FB02A570A687617645 /* Pods-The Happiness TrinityTests.debug.xcconfig */ = {isa = PBXFileReference; includeInIndex = 1; lastKnownFileType = text.xcconfig; name = "Pods-The Happiness TrinityTests.debug.xcconfig"; path = "Target Support Files/Pods-The Happiness TrinityTests/Pods-The Happiness TrinityTests.debug.xcconfig"; sourceTree = "<group>"; };
/* End PBXFileReference section */

/* Begin PBXFrameworksBuildPhase section */
		B0D23FF325C51E9400488BE2 /* Frameworks */ = {
			isa = PBXFrameworksBuildPhase;
			buildActionMask = 2147483647;
			files = (
				601515580739887DA7674226 /* Pods_The_Happiness_Trinity.framework in Frameworks */,
			);
			runOnlyForDeploymentPostprocessing = 0;
		};
		B0D2400925C51E9600488BE2 /* Frameworks */ = {
			isa = PBXFrameworksBuildPhase;
			buildActionMask = 2147483647;
			files = (
				02F237C3E7EB38EC6E7DE85D /* Pods_The_Happiness_TrinityTests.framework in Frameworks */,
			);
			runOnlyForDeploymentPostprocessing = 0;
		};
		B0D2401425C51E9600488BE2 /* Frameworks */ = {
			isa = PBXFrameworksBuildPhase;
			buildActionMask = 2147483647;
			files = (
				F9EAAC1C8A9ACF0DEE63C75D /* Pods_The_Happiness_Trinity_The_Happiness_TrinityUITests.framework in Frameworks */,
			);
			runOnlyForDeploymentPostprocessing = 0;
		};
/* End PBXFrameworksBuildPhase section */

/* Begin PBXGroup section */
		24376CE96546AF114C896E3F /* Frameworks */ = {
			isa = PBXGroup;
			children = (
				27025BBC73F4DFC1AA8FF519 /* Pods_The_Happiness_Trinity.framework */,
				5E90D8DCAAACF1B417A79B37 /* Pods_The_Happiness_Trinity_The_Happiness_TrinityUITests.framework */,
				2372030F55ED49CA337AA199 /* Pods_The_Happiness_TrinityTests.framework */,
			);
			name = Frameworks;
			sourceTree = "<group>";
		};
		B0D23FED25C51E9400488BE2 = {
			isa = PBXGroup;
			children = (
				B0D23FF825C51E9400488BE2 /* The Happiness Trinity */,
				B0D2400F25C51E9600488BE2 /* The Happiness TrinityTests */,
				B0D2401A25C51E9600488BE2 /* The Happiness TrinityUITests */,
				B0D23FF725C51E9400488BE2 /* Products */,
				CB23E3C76BAA39576C822A0D /* Pods */,
				24376CE96546AF114C896E3F /* Frameworks */,
			);
			sourceTree = "<group>";
		};
		B0D23FF725C51E9400488BE2 /* Products */ = {
			isa = PBXGroup;
			children = (
				B0D23FF625C51E9400488BE2 /* The Happiness Trinity.app */,
				B0D2400C25C51E9600488BE2 /* The Happiness TrinityTests.xctest */,
				B0D2401725C51E9600488BE2 /* The Happiness TrinityUITests.xctest */,
			);
			name = Products;
			sourceTree = "<group>";
		};
		B0D23FF825C51E9400488BE2 /* The Happiness Trinity */ = {
			isa = PBXGroup;
			children = (
				D05AC0B925C60DC500662934 /* CalendarViewController.swift */,
				D05AC0B825C60DC500662934 /* JournalViewController.swift */,
				B0D23FF925C51E9400488BE2 /* AppDelegate.swift */,
				B0D23FFB25C51E9400488BE2 /* SceneDelegate.swift */,
				B0D23FFD25C51E9400488BE2 /* ViewController.swift */,
				B0D23FFF25C51E9400488BE2 /* Main.storyboard */,
				B0D2400225C51E9600488BE2 /* Assets.xcassets */,
				B0D2400425C51E9600488BE2 /* LaunchScreen.storyboard */,
				B0D2400725C51E9600488BE2 /* Info.plist */,
				B0AC246525C5E6A700E2E056 /* QuoteViewController.swift */,
				ABF76FEA25C5FCDE003A06EE /* ImageViewController.swift */,
			);
			path = "The Happiness Trinity";
			sourceTree = "<group>";
		};
		B0D2400F25C51E9600488BE2 /* The Happiness TrinityTests */ = {
			isa = PBXGroup;
			children = (
				B0D2401025C51E9600488BE2 /* The_Happiness_TrinityTests.swift */,
				B0D2401225C51E9600488BE2 /* Info.plist */,
			);
			path = "The Happiness TrinityTests";
			sourceTree = "<group>";
		};
		B0D2401A25C51E9600488BE2 /* The Happiness TrinityUITests */ = {
			isa = PBXGroup;
			children = (
				B0D2401B25C51E9600488BE2 /* The_Happiness_TrinityUITests.swift */,
				B0D2401D25C51E9600488BE2 /* Info.plist */,
			);
			path = "The Happiness TrinityUITests";
			sourceTree = "<group>";
		};
		CB23E3C76BAA39576C822A0D /* Pods */ = {
			isa = PBXGroup;
			children = (
				3E431444600BC6E0E42096F4 /* Pods-The Happiness Trinity.debug.xcconfig */,
				7706224B72631092F98E5FB9 /* Pods-The Happiness Trinity.release.xcconfig */,
				6F1C0E0E6A3FA5CF164C8E86 /* Pods-The Happiness Trinity-The Happiness TrinityUITests.debug.xcconfig */,
				B484D5237B05C1A3BEB560BF /* Pods-The Happiness Trinity-The Happiness TrinityUITests.release.xcconfig */,
				FE01E4FB02A570A687617645 /* Pods-The Happiness TrinityTests.debug.xcconfig */,
				EBEAA22DC7CCD30316153A90 /* Pods-The Happiness TrinityTests.release.xcconfig */,
			);
			path = Pods;
			sourceTree = "<group>";
		};
/* End PBXGroup section */

/* Begin PBXNativeTarget section */
		B0D23FF525C51E9400488BE2 /* The Happiness Trinity */ = {
			isa = PBXNativeTarget;
			buildConfigurationList = B0D2402025C51E9600488BE2 /* Build configuration list for PBXNativeTarget "The Happiness Trinity" */;
			buildPhases = (
				16ECF10588849D67376B555E /* [CP] Check Pods Manifest.lock */,
				B0D23FF225C51E9400488BE2 /* Sources */,
				B0D23FF325C51E9400488BE2 /* Frameworks */,
				B0D23FF425C51E9400488BE2 /* Resources */,
				3BCDE8BC9A2FC69858D36FFF /* [CP] Embed Pods Frameworks */,
			);
			buildRules = (
			);
			dependencies = (
			);
			name = "The Happiness Trinity";
			productName = "The Happiness Trinity";
			productReference = B0D23FF625C51E9400488BE2 /* The Happiness Trinity.app */;
			productType = "com.apple.product-type.application";
		};
		B0D2400B25C51E9600488BE2 /* The Happiness TrinityTests */ = {
			isa = PBXNativeTarget;
			buildConfigurationList = B0D2402325C51E9600488BE2 /* Build configuration list for PBXNativeTarget "The Happiness TrinityTests" */;
			buildPhases = (
				595A8E3F9BF3D48A88506E2A /* [CP] Check Pods Manifest.lock */,
				B0D2400825C51E9600488BE2 /* Sources */,
				B0D2400925C51E9600488BE2 /* Frameworks */,
				B0D2400A25C51E9600488BE2 /* Resources */,
			);
			buildRules = (
			);
			dependencies = (
				B0D2400E25C51E9600488BE2 /* PBXTargetDependency */,
			);
			name = "The Happiness TrinityTests";
			productName = "The Happiness TrinityTests";
			productReference = B0D2400C25C51E9600488BE2 /* The Happiness TrinityTests.xctest */;
			productType = "com.apple.product-type.bundle.unit-test";
		};
		B0D2401625C51E9600488BE2 /* The Happiness TrinityUITests */ = {
			isa = PBXNativeTarget;
			buildConfigurationList = B0D2402625C51E9600488BE2 /* Build configuration list for PBXNativeTarget "The Happiness TrinityUITests" */;
			buildPhases = (
				60F227348B06F7CC27F725CC /* [CP] Check Pods Manifest.lock */,
				B0D2401325C51E9600488BE2 /* Sources */,
				B0D2401425C51E9600488BE2 /* Frameworks */,
				B0D2401525C51E9600488BE2 /* Resources */,
				B3627028AD70AE93A5F673BA /* [CP] Embed Pods Frameworks */,
			);
			buildRules = (
			);
			dependencies = (
				B0D2401925C51E9600488BE2 /* PBXTargetDependency */,
			);
			name = "The Happiness TrinityUITests";
			productName = "The Happiness TrinityUITests";
			productReference = B0D2401725C51E9600488BE2 /* The Happiness TrinityUITests.xctest */;
			productType = "com.apple.product-type.bundle.ui-testing";
		};
/* End PBXNativeTarget section */

/* Begin PBXProject section */
		B0D23FEE25C51E9400488BE2 /* Project object */ = {
			isa = PBXProject;
			attributes = {
				LastSwiftUpdateCheck = 1130;
				LastUpgradeCheck = 1130;
				ORGANIZATIONNAME = "Sky H";
				TargetAttributes = {
					B0D23FF525C51E9400488BE2 = {
						CreatedOnToolsVersion = 11.3.1;
					};
					B0D2400B25C51E9600488BE2 = {
						CreatedOnToolsVersion = 11.3.1;
						TestTargetID = B0D23FF525C51E9400488BE2;
					};
					B0D2401625C51E9600488BE2 = {
						CreatedOnToolsVersion = 11.3.1;
						TestTargetID = B0D23FF525C51E9400488BE2;
					};
				};
			};
			buildConfigurationList = B0D23FF125C51E9400488BE2 /* Build configuration list for PBXProject "The Happiness Trinity" */;
			compatibilityVersion = "Xcode 9.3";
			developmentRegion = en;
			hasScannedForEncodings = 0;
			knownRegions = (
				en,
				Base,
			);
			mainGroup = B0D23FED25C51E9400488BE2;
			productRefGroup = B0D23FF725C51E9400488BE2 /* Products */;
			projectDirPath = "";
			projectRoot = "";
			targets = (
				B0D23FF525C51E9400488BE2 /* The Happiness Trinity */,
				B0D2400B25C51E9600488BE2 /* The Happiness TrinityTests */,
				B0D2401625C51E9600488BE2 /* The Happiness TrinityUITests */,
			);
		};
/* End PBXProject section */

/* Begin PBXResourcesBuildPhase section */
		B0D23FF425C51E9400488BE2 /* Resources */ = {
			isa = PBXResourcesBuildPhase;
			buildActionMask = 2147483647;
			files = (
				B0D2400625C51E9600488BE2 /* LaunchScreen.storyboard in Resources */,
				B0D2400325C51E9600488BE2 /* Assets.xcassets in Resources */,
				B0D2400125C51E9400488BE2 /* Main.storyboard in Resources */,
			);
			runOnlyForDeploymentPostprocessing = 0;
		};
		B0D2400A25C51E9600488BE2 /* Resources */ = {
			isa = PBXResourcesBuildPhase;
			buildActionMask = 2147483647;
			files = (
			);
			runOnlyForDeploymentPostprocessing = 0;
		};
		B0D2401525C51E9600488BE2 /* Resources */ = {
			isa = PBXResourcesBuildPhase;
			buildActionMask = 2147483647;
			files = (
			);
			runOnlyForDeploymentPostprocessing = 0;
		};
/* End PBXResourcesBuildPhase section */

/* Begin PBXShellScriptBuildPhase section */
		16ECF10588849D67376B555E /* [CP] Check Pods Manifest.lock */ = {
			isa = PBXShellScriptBuildPhase;
			buildActionMask = 2147483647;
			files = (
			);
			inputFileListPaths = (
			);
			inputPaths = (
				"${PODS_PODFILE_DIR_PATH}/Podfile.lock",
				"${PODS_ROOT}/Manifest.lock",
			);
			name = "[CP] Check Pods Manifest.lock";
			outputFileListPaths = (
			);
			outputPaths = (
				"$(DERIVED_FILE_DIR)/Pods-The Happiness Trinity-checkManifestLockResult.txt",
			);
			runOnlyForDeploymentPostprocessing = 0;
			shellPath = /bin/sh;
			shellScript = "diff \"${PODS_PODFILE_DIR_PATH}/Podfile.lock\" \"${PODS_ROOT}/Manifest.lock\" > /dev/null\nif [ $? != 0 ] ; then\n    # print error to STDERR\n    echo \"error: The sandbox is not in sync with the Podfile.lock. Run 'pod install' or update your CocoaPods installation.\" >&2\n    exit 1\nfi\n# This output is used by Xcode 'outputs' to avoid re-running this script phase.\necho \"SUCCESS\" > \"${SCRIPT_OUTPUT_FILE_0}\"\n";
			showEnvVarsInLog = 0;
		};
		3BCDE8BC9A2FC69858D36FFF /* [CP] Embed Pods Frameworks */ = {
			isa = PBXShellScriptBuildPhase;
			buildActionMask = 2147483647;
			files = (
			);
			inputFileListPaths = (
				"${PODS_ROOT}/Target Support Files/Pods-The Happiness Trinity/Pods-The Happiness Trinity-frameworks-${CONFIGURATION}-input-files.xcfilelist",
			);
			name = "[CP] Embed Pods Frameworks";
			outputFileListPaths = (
				"${PODS_ROOT}/Target Support Files/Pods-The Happiness Trinity/Pods-The Happiness Trinity-frameworks-${CONFIGURATION}-output-files.xcfilelist",
			);
			runOnlyForDeploymentPostprocessing = 0;
			shellPath = /bin/sh;
			shellScript = "\"${PODS_ROOT}/Target Support Files/Pods-The Happiness Trinity/Pods-The Happiness Trinity-frameworks.sh\"\n";
			showEnvVarsInLog = 0;
		};
		595A8E3F9BF3D48A88506E2A /* [CP] Check Pods Manifest.lock */ = {
			isa = PBXShellScriptBuildPhase;
			buildActionMask = 2147483647;
			files = (
			);
			inputFileListPaths = (
			);
			inputPaths = (
				"${PODS_PODFILE_DIR_PATH}/Podfile.lock",
				"${PODS_ROOT}/Manifest.lock",
			);
			name = "[CP] Check Pods Manifest.lock";
			outputFileListPaths = (
			);
			outputPaths = (
				"$(DERIVED_FILE_DIR)/Pods-The Happiness TrinityTests-checkManifestLockResult.txt",
			);
			runOnlyForDeploymentPostprocessing = 0;
			shellPath = /bin/sh;
			shellScript = "diff \"${PODS_PODFILE_DIR_PATH}/Podfile.lock\" \"${PODS_ROOT}/Manifest.lock\" > /dev/null\nif [ $? != 0 ] ; then\n    # print error to STDERR\n    echo \"error: The sandbox is not in sync with the Podfile.lock. Run 'pod install' or update your CocoaPods installation.\" >&2\n    exit 1\nfi\n# This output is used by Xcode 'outputs' to avoid re-running this script phase.\necho \"SUCCESS\" > \"${SCRIPT_OUTPUT_FILE_0}\"\n";
			showEnvVarsInLog = 0;
		};
		60F227348B06F7CC27F725CC /* [CP] Check Pods Manifest.lock */ = {
			isa = PBXShellScriptBuildPhase;
			buildActionMask = 2147483647;
			files = (
			);
			inputFileListPaths = (
			);
			inputPaths = (
				"${PODS_PODFILE_DIR_PATH}/Podfile.lock",
				"${PODS_ROOT}/Manifest.lock",
			);
			name = "[CP] Check Pods Manifest.lock";
			outputFileListPaths = (
			);
			outputPaths = (
				"$(DERIVED_FILE_DIR)/Pods-The Happiness Trinity-The Happiness TrinityUITests-checkManifestLockResult.txt",
			);
			runOnlyForDeploymentPostprocessing = 0;
			shellPath = /bin/sh;
			shellScript = "diff \"${PODS_PODFILE_DIR_PATH}/Podfile.lock\" \"${PODS_ROOT}/Manifest.lock\" > /dev/null\nif [ $? != 0 ] ; then\n    # print error to STDERR\n    echo \"error: The sandbox is not in sync with the Podfile.lock. Run 'pod install' or update your CocoaPods installation.\" >&2\n    exit 1\nfi\n# This output is used by Xcode 'outputs' to avoid re-running this script phase.\necho \"SUCCESS\" > \"${SCRIPT_OUTPUT_FILE_0}\"\n";
			showEnvVarsInLog = 0;
		};
		B3627028AD70AE93A5F673BA /* [CP] Embed Pods Frameworks */ = {
			isa = PBXShellScriptBuildPhase;
			buildActionMask = 2147483647;
			files = (
			);
			inputFileListPaths = (
				"${PODS_ROOT}/Target Support Files/Pods-The Happiness Trinity-The Happiness TrinityUITests/Pods-The Happiness Trinity-The Happiness TrinityUITests-frameworks-${CONFIGURATION}-input-files.xcfilelist",
			);
			name = "[CP] Embed Pods Frameworks";
			outputFileListPaths = (
				"${PODS_ROOT}/Target Support Files/Pods-The Happiness Trinity-The Happiness TrinityUITests/Pods-The Happiness Trinity-The Happiness TrinityUITests-frameworks-${CONFIGURATION}-output-files.xcfilelist",
			);
			runOnlyForDeploymentPostprocessing = 0;
			shellPath = /bin/sh;
			shellScript = "\"${PODS_ROOT}/Target Support Files/Pods-The Happiness Trinity-The Happiness TrinityUITests/Pods-The Happiness Trinity-The Happiness TrinityUITests-frameworks.sh\"\n";
			showEnvVarsInLog = 0;
		};
/* End PBXShellScriptBuildPhase section */

/* Begin PBXSourcesBuildPhase section */
		B0D23FF225C51E9400488BE2 /* Sources */ = {
			isa = PBXSourcesBuildPhase;
			buildActionMask = 2147483647;
			files = (
				B0D23FFE25C51E9400488BE2 /* ViewController.swift in Sources */,
				B0AC246625C5E6A700E2E056 /* QuoteViewController.swift in Sources */,
				ABF76FEB25C5FCDE003A06EE /* ImageViewController.swift in Sources */,
				B0D23FFA25C51E9400488BE2 /* AppDelegate.swift in Sources */,
				D05AC0BA25C60DC500662934 /* JournalViewController.swift in Sources */,
				D05AC0BB25C60DC500662934 /* CalendarViewController.swift in Sources */,
				B0D23FFC25C51E9400488BE2 /* SceneDelegate.swift in Sources */,
			);
			runOnlyForDeploymentPostprocessing = 0;
		};
		B0D2400825C51E9600488BE2 /* Sources */ = {
			isa = PBXSourcesBuildPhase;
			buildActionMask = 2147483647;
			files = (
				B0D2401125C51E9600488BE2 /* The_Happiness_TrinityTests.swift in Sources */,
			);
			runOnlyForDeploymentPostprocessing = 0;
		};
		B0D2401325C51E9600488BE2 /* Sources */ = {
			isa = PBXSourcesBuildPhase;
			buildActionMask = 2147483647;
			files = (
				B0D2401C25C51E9600488BE2 /* The_Happiness_TrinityUITests.swift in Sources */,
			);
			runOnlyForDeploymentPostprocessing = 0;
		};
/* End PBXSourcesBuildPhase section */

/* Begin PBXTargetDependency section */
		B0D2400E25C51E9600488BE2 /* PBXTargetDependency */ = {
			isa = PBXTargetDependency;
			target = B0D23FF525C51E9400488BE2 /* The Happiness Trinity */;
			targetProxy = B0D2400D25C51E9600488BE2 /* PBXContainerItemProxy */;
		};
		B0D2401925C51E9600488BE2 /* PBXTargetDependency */ = {
			isa = PBXTargetDependency;
			target = B0D23FF525C51E9400488BE2 /* The Happiness Trinity */;
			targetProxy = B0D2401825C51E9600488BE2 /* PBXContainerItemProxy */;
		};
/* End PBXTargetDependency section */

/* Begin PBXVariantGroup section */
		B0D23FFF25C51E9400488BE2 /* Main.storyboard */ = {
			isa = PBXVariantGroup;
			children = (
				B0D2400025C51E9400488BE2 /* Base */,
			);
			name = Main.storyboard;
			sourceTree = "<group>";
		};
		B0D2400425C51E9600488BE2 /* LaunchScreen.storyboard */ = {
			isa = PBXVariantGroup;
			children = (
				B0D2400525C51E9600488BE2 /* Base */,
			);
			name = LaunchScreen.storyboard;
			sourceTree = "<group>";
		};
/* End PBXVariantGroup section */

/* Begin XCBuildConfiguration section */
		B0D2401E25C51E9600488BE2 /* Debug */ = {
			isa = XCBuildConfiguration;
			buildSettings = {
				ALWAYS_SEARCH_USER_PATHS = NO;
				CLANG_ANALYZER_NONNULL = YES;
				CLANG_ANALYZER_NUMBER_OBJECT_CONVERSION = YES_AGGRESSIVE;
				CLANG_CXX_LANGUAGE_STANDARD = "gnu++14";
				CLANG_CXX_LIBRARY = "libc++";
				CLANG_ENABLE_MODULES = YES;
				CLANG_ENABLE_OBJC_ARC = YES;
				CLANG_ENABLE_OBJC_WEAK = YES;
				CLANG_WARN_BLOCK_CAPTURE_AUTORELEASING = YES;
				CLANG_WARN_BOOL_CONVERSION = YES;
				CLANG_WARN_COMMA = YES;
				CLANG_WARN_CONSTANT_CONVERSION = YES;
				CLANG_WARN_DEPRECATED_OBJC_IMPLEMENTATIONS = YES;
				CLANG_WARN_DIRECT_OBJC_ISA_USAGE = YES_ERROR;
				CLANG_WARN_DOCUMENTATION_COMMENTS = YES;
				CLANG_WARN_EMPTY_BODY = YES;
				CLANG_WARN_ENUM_CONVERSION = YES;
				CLANG_WARN_INFINITE_RECURSION = YES;
				CLANG_WARN_INT_CONVERSION = YES;
				CLANG_WARN_NON_LITERAL_NULL_CONVERSION = YES;
				CLANG_WARN_OBJC_IMPLICIT_RETAIN_SELF = YES;
				CLANG_WARN_OBJC_LITERAL_CONVERSION = YES;
				CLANG_WARN_OBJC_ROOT_CLASS = YES_ERROR;
				CLANG_WARN_RANGE_LOOP_ANALYSIS = YES;
				CLANG_WARN_STRICT_PROTOTYPES = YES;
				CLANG_WARN_SUSPICIOUS_MOVE = YES;
				CLANG_WARN_UNGUARDED_AVAILABILITY = YES_AGGRESSIVE;
				CLANG_WARN_UNREACHABLE_CODE = YES;
				CLANG_WARN__DUPLICATE_METHOD_MATCH = YES;
				COPY_PHASE_STRIP = NO;
				DEBUG_INFORMATION_FORMAT = dwarf;
				ENABLE_STRICT_OBJC_MSGSEND = YES;
				ENABLE_TESTABILITY = YES;
				GCC_C_LANGUAGE_STANDARD = gnu11;
				GCC_DYNAMIC_NO_PIC = NO;
				GCC_NO_COMMON_BLOCKS = YES;
				GCC_OPTIMIZATION_LEVEL = 0;
				GCC_PREPROCESSOR_DEFINITIONS = (
					"DEBUG=1",
					"$(inherited)",
				);
				GCC_WARN_64_TO_32_BIT_CONVERSION = YES;
				GCC_WARN_ABOUT_RETURN_TYPE = YES_ERROR;
				GCC_WARN_UNDECLARED_SELECTOR = YES;
				GCC_WARN_UNINITIALIZED_AUTOS = YES_AGGRESSIVE;
				GCC_WARN_UNUSED_FUNCTION = YES;
				GCC_WARN_UNUSED_VARIABLE = YES;
				IPHONEOS_DEPLOYMENT_TARGET = 13.2;
				MTL_ENABLE_DEBUG_INFO = INCLUDE_SOURCE;
				MTL_FAST_MATH = YES;
				ONLY_ACTIVE_ARCH = YES;
				SDKROOT = iphoneos;
				SWIFT_ACTIVE_COMPILATION_CONDITIONS = DEBUG;
				SWIFT_OPTIMIZATION_LEVEL = "-Onone";
			};
			name = Debug;
		};
		B0D2401F25C51E9600488BE2 /* Release */ = {
			isa = XCBuildConfiguration;
			buildSettings = {
				ALWAYS_SEARCH_USER_PATHS = NO;
				CLANG_ANALYZER_NONNULL = YES;
				CLANG_ANALYZER_NUMBER_OBJECT_CONVERSION = YES_AGGRESSIVE;
				CLANG_CXX_LANGUAGE_STANDARD = "gnu++14";
				CLANG_CXX_LIBRARY = "libc++";
				CLANG_ENABLE_MODULES = YES;
				CLANG_ENABLE_OBJC_ARC = YES;
				CLANG_ENABLE_OBJC_WEAK = YES;
				CLANG_WARN_BLOCK_CAPTURE_AUTORELEASING = YES;
				CLANG_WARN_BOOL_CONVERSION = YES;
				CLANG_WARN_COMMA = YES;
				CLANG_WARN_CONSTANT_CONVERSION = YES;
				CLANG_WARN_DEPRECATED_OBJC_IMPLEMENTATIONS = YES;
				CLANG_WARN_DIRECT_OBJC_ISA_USAGE = YES_ERROR;
				CLANG_WARN_DOCUMENTATION_COMMENTS = YES;
				CLANG_WARN_EMPTY_BODY = YES;
				CLANG_WARN_ENUM_CONVERSION = YES;
				CLANG_WARN_INFINITE_RECURSION = YES;
				CLANG_WARN_INT_CONVERSION = YES;
				CLANG_WARN_NON_LITERAL_NULL_CONVERSION = YES;
				CLANG_WARN_OBJC_IMPLICIT_RETAIN_SELF = YES;
				CLANG_WARN_OBJC_LITERAL_CONVERSION = YES;
				CLANG_WARN_OBJC_ROOT_CLASS = YES_ERROR;
				CLANG_WARN_RANGE_LOOP_ANALYSIS = YES;
				CLANG_WARN_STRICT_PROTOTYPES = YES;
				CLANG_WARN_SUSPICIOUS_MOVE = YES;
				CLANG_WARN_UNGUARDED_AVAILABILITY = YES_AGGRESSIVE;
				CLANG_WARN_UNREACHABLE_CODE = YES;
				CLANG_WARN__DUPLICATE_METHOD_MATCH = YES;
				COPY_PHASE_STRIP = NO;
				DEBUG_INFORMATION_FORMAT = "dwarf-with-dsym";
				ENABLE_NS_ASSERTIONS = NO;
				ENABLE_STRICT_OBJC_MSGSEND = YES;
				GCC_C_LANGUAGE_STANDARD = gnu11;
				GCC_NO_COMMON_BLOCKS = YES;
				GCC_WARN_64_TO_32_BIT_CONVERSION = YES;
				GCC_WARN_ABOUT_RETURN_TYPE = YES_ERROR;
				GCC_WARN_UNDECLARED_SELECTOR = YES;
				GCC_WARN_UNINITIALIZED_AUTOS = YES_AGGRESSIVE;
				GCC_WARN_UNUSED_FUNCTION = YES;
				GCC_WARN_UNUSED_VARIABLE = YES;
				IPHONEOS_DEPLOYMENT_TARGET = 13.2;
				MTL_ENABLE_DEBUG_INFO = NO;
				MTL_FAST_MATH = YES;
				SDKROOT = iphoneos;
				SWIFT_COMPILATION_MODE = wholemodule;
				SWIFT_OPTIMIZATION_LEVEL = "-O";
				VALIDATE_PRODUCT = YES;
			};
			name = Release;
		};
		B0D2402125C51E9600488BE2 /* Debug */ = {
			isa = XCBuildConfiguration;
			baseConfigurationReference = 3E431444600BC6E0E42096F4 /* Pods-The Happiness Trinity.debug.xcconfig */;
			buildSettings = {
				ASSETCATALOG_COMPILER_APPICON_NAME = AppIcon;
				CODE_SIGN_STYLE = Automatic;
				INFOPLIST_FILE = "The Happiness Trinity/Info.plist";
				LD_RUNPATH_SEARCH_PATHS = (
					"$(inherited)",
					"@executable_path/Frameworks",
				);
				PRODUCT_BUNDLE_IDENTIFIER = "blusky.The-Happiness-Trinity";
				PRODUCT_NAME = "$(TARGET_NAME)";
				SWIFT_VERSION = 5.0;
				TARGETED_DEVICE_FAMILY = "1,2";
			};
			name = Debug;
		};
		B0D2402225C51E9600488BE2 /* Release */ = {
			isa = XCBuildConfiguration;
			baseConfigurationReference = 7706224B72631092F98E5FB9 /* Pods-The Happiness Trinity.release.xcconfig */;
			buildSettings = {
				ASSETCATALOG_COMPILER_APPICON_NAME = AppIcon;
				CODE_SIGN_STYLE = Automatic;
				INFOPLIST_FILE = "The Happiness Trinity/Info.plist";
				LD_RUNPATH_SEARCH_PATHS = (
					"$(inherited)",
					"@executable_path/Frameworks",
				);
				PRODUCT_BUNDLE_IDENTIFIER = "blusky.The-Happiness-Trinity";
				PRODUCT_NAME = "$(TARGET_NAME)";
				SWIFT_VERSION = 5.0;
				TARGETED_DEVICE_FAMILY = "1,2";
			};
			name = Release;
		};
		B0D2402425C51E9600488BE2 /* Debug */ = {
			isa = XCBuildConfiguration;
			baseConfigurationReference = FE01E4FB02A570A687617645 /* Pods-The Happiness TrinityTests.debug.xcconfig */;
			buildSettings = {
				ALWAYS_EMBED_SWIFT_STANDARD_LIBRARIES = YES;
				BUNDLE_LOADER = "$(TEST_HOST)";
				CODE_SIGN_STYLE = Automatic;
				INFOPLIST_FILE = "The Happiness TrinityTests/Info.plist";
				IPHONEOS_DEPLOYMENT_TARGET = 13.2;
				LD_RUNPATH_SEARCH_PATHS = (
					"$(inherited)",
					"@executable_path/Frameworks",
					"@loader_path/Frameworks",
				);
				PRODUCT_BUNDLE_IDENTIFIER = "blusky.The-Happiness-TrinityTests";
				PRODUCT_NAME = "$(TARGET_NAME)";
				SWIFT_VERSION = 5.0;
				TARGETED_DEVICE_FAMILY = "1,2";
				TEST_HOST = "$(BUILT_PRODUCTS_DIR)/The Happiness Trinity.app/The Happiness Trinity";
			};
			name = Debug;
		};
		B0D2402525C51E9600488BE2 /* Release */ = {
			isa = XCBuildConfiguration;
			baseConfigurationReference = EBEAA22DC7CCD30316153A90 /* Pods-The Happiness TrinityTests.release.xcconfig */;
			buildSettings = {
				ALWAYS_EMBED_SWIFT_STANDARD_LIBRARIES = YES;
				BUNDLE_LOADER = "$(TEST_HOST)";
				CODE_SIGN_STYLE = Automatic;
				INFOPLIST_FILE = "The Happiness TrinityTests/Info.plist";
				IPHONEOS_DEPLOYMENT_TARGET = 13.2;
				LD_RUNPATH_SEARCH_PATHS = (
					"$(inherited)",
					"@executable_path/Frameworks",
					"@loader_path/Frameworks",
				);
				PRODUCT_BUNDLE_IDENTIFIER = "blusky.The-Happiness-TrinityTests";
				PRODUCT_NAME = "$(TARGET_NAME)";
				SWIFT_VERSION = 5.0;
				TARGETED_DEVICE_FAMILY = "1,2";
				TEST_HOST = "$(BUILT_PRODUCTS_DIR)/The Happiness Trinity.app/The Happiness Trinity";
			};
			name = Release;
		};
		B0D2402725C51E9600488BE2 /* Debug */ = {
			isa = XCBuildConfiguration;
			baseConfigurationReference = 6F1C0E0E6A3FA5CF164C8E86 /* Pods-The Happiness Trinity-The Happiness TrinityUITests.debug.xcconfig */;
			buildSettings = {
				ALWAYS_EMBED_SWIFT_STANDARD_LIBRARIES = YES;
				CODE_SIGN_STYLE = Automatic;
				INFOPLIST_FILE = "The Happiness TrinityUITests/Info.plist";
				LD_RUNPATH_SEARCH_PATHS = (
					"$(inherited)",
					"@executable_path/Frameworks",
					"@loader_path/Frameworks",
				);
				PRODUCT_BUNDLE_IDENTIFIER = "blusky.The-Happiness-TrinityUITests";
				PRODUCT_NAME = "$(TARGET_NAME)";
				SWIFT_VERSION = 5.0;
				TARGETED_DEVICE_FAMILY = "1,2";
				TEST_TARGET_NAME = "The Happiness Trinity";
			};
			name = Debug;
		};
		B0D2402825C51E9600488BE2 /* Release */ = {
			isa = XCBuildConfiguration;
			baseConfigurationReference = B484D5237B05C1A3BEB560BF /* Pods-The Happiness Trinity-The Happiness TrinityUITests.release.xcconfig */;
			buildSettings = {
				ALWAYS_EMBED_SWIFT_STANDARD_LIBRARIES = YES;
				CODE_SIGN_STYLE = Automatic;
				INFOPLIST_FILE = "The Happiness TrinityUITests/Info.plist";
				LD_RUNPATH_SEARCH_PATHS = (
					"$(inherited)",
					"@executable_path/Frameworks",
					"@loader_path/Frameworks",
				);
				PRODUCT_BUNDLE_IDENTIFIER = "blusky.The-Happiness-TrinityUITests";
				PRODUCT_NAME = "$(TARGET_NAME)";
				SWIFT_VERSION = 5.0;
				TARGETED_DEVICE_FAMILY = "1,2";
				TEST_TARGET_NAME = "The Happiness Trinity";
			};
			name = Release;
		};
/* End XCBuildConfiguration section */

/* Begin XCConfigurationList section */
		B0D23FF125C51E9400488BE2 /* Build configuration list for PBXProject "The Happiness Trinity" */ = {
			isa = XCConfigurationList;
			buildConfigurations = (
				B0D2401E25C51E9600488BE2 /* Debug */,
				B0D2401F25C51E9600488BE2 /* Release */,
			);
			defaultConfigurationIsVisible = 0;
			defaultConfigurationName = Release;
		};
		B0D2402025C51E9600488BE2 /* Build configuration list for PBXNativeTarget "The Happiness Trinity" */ = {
			isa = XCConfigurationList;
			buildConfigurations = (
				B0D2402125C51E9600488BE2 /* Debug */,
				B0D2402225C51E9600488BE2 /* Release */,
			);
			defaultConfigurationIsVisible = 0;
			defaultConfigurationName = Release;
		};
		B0D2402325C51E9600488BE2 /* Build configuration list for PBXNativeTarget "The Happiness TrinityTests" */ = {
			isa = XCConfigurationList;
			buildConfigurations = (
				B0D2402425C51E9600488BE2 /* Debug */,
				B0D2402525C51E9600488BE2 /* Release */,
			);
			defaultConfigurationIsVisible = 0;
			defaultConfigurationName = Release;
		};
		B0D2402625C51E9600488BE2 /* Build configuration list for PBXNativeTarget "The Happiness TrinityUITests" */ = {
			isa = XCConfigurationList;
			buildConfigurations = (
				B0D2402725C51E9600488BE2 /* Debug */,
				B0D2402825C51E9600488BE2 /* Release */,
			);
			defaultConfigurationIsVisible = 0;
			defaultConfigurationName = Release;
		};
/* End XCConfigurationList section */
	};
	rootObject = B0D23FEE25C51E9400488BE2 /* Project object */;
}
